
Microsoft Visual Studio Solution File, Format Version 12.00
# Visual Studio Version 17
VisualStudioVersion = 17.10.35013.160
MinimumVisualStudioVersion = 10.0.40219.1
Project("{FAE04EC0-301F-11D3-BF4B-00C04F79EFBC}") = "BDInvoiceMatchingSystem.WebAPI", "BDInvoiceMatchingSystem.WebAPI\BDInvoiceMatchingSystem.WebAPI.csproj", "{0EAFF4B9-1A88-48FE-B2A2-B97E5B6D8188}"
EndProject
Global
	GlobalSection(SolutionConfigurationPlatforms) = preSolution
		Debug|Any CPU = Debug|Any CPU
		Release|Any CPU = Release|Any CPU
	EndGlobalSection
	GlobalSection(ProjectConfigurationPlatforms) = postSolution
		{0EAFF4B9-1A88-48FE-B2A2-B97E5B6D8188}.Debug|Any CPU.ActiveCfg = Debug|Any CPU
		{0EAFF4B9-1A88-48FE-B2A2-B97E5B6D8188}.Debug|Any CPU.Build.0 = Debug|Any CPU
		{0EAFF4B9-1A88-48FE-B2A2-B97E5B6D8188}.Release|Any CPU.ActiveCfg = Release|Any CPU
		{0EAFF4B9-1A88-48FE-B2A2-B97E5B6D8188}.Release|Any CPU.Build.0 = Release|Any CPU
	EndGlobalSection
	GlobalSection(SolutionProperties) = preSolution
		HideSolutionNode = FALSE
	EndGlobalSection
	GlobalSection(ExtensibilityGlobals) = postSolution
		SolutionGuid = {626C86C3-F8CF-42A1-A6C3-6805CBE46C71}
	EndGlobalSection
EndGlobal
